
Microsoft Visual Studio Solution File, Format Version 12.00
# Visual Studio Version 16
VisualStudioVersion = 16.0.29613.14
MinimumVisualStudioVersion = 10.0.40219.1
Project("{FAE04EC0-301F-11D3-BF4B-00C04F79EFBC}") = "Snake_Standalone", "Snake_Standalone.csproj", "{46471C7E-FA9D-4827-A26B-CEEC149BA382}"
EndProject
Global
	GlobalSection(SolutionConfigurationPlatforms) = preSolution
		Debug|Any CPU = Debug|Any CPU
		Release|Any CPU = Release|Any CPU
	EndGlobalSection
	GlobalSection(ProjectConfigurationPlatforms) = postSolution
		{46471C7E-FA9D-4827-A26B-CEEC149BA382}.Debug|Any CPU.ActiveCfg = Debug|Any CPU
		{46471C7E-FA9D-4827-A26B-CEEC149BA382}.Debug|Any CPU.Build.0 = Debug|Any CPU
		{46471C7E-FA9D-4827-A26B-CEEC149BA382}.Release|Any CPU.ActiveCfg = Release|Any CPU
		{46471C7E-FA9D-4827-A26B-CEEC149BA382}.Release|Any CPU.Build.0 = Release|Any CPU
	EndGlobalSection
	GlobalSection(SolutionProperties) = preSolution
		HideSolutionNode = FALSE
	EndGlobalSection
	GlobalSection(ExtensibilityGlobals) = postSolution
		SolutionGuid = {4D9FBFF7-2ACF-4AAD-95DA-30EB18074A74}
	EndGlobalSection
EndGlobal
